
Microsoft Visual Studio Solution File, Format Version 12.00
# Visual Studio 15
VisualStudioVersion = 15.0.26403.3
MinimumVisualStudioVersion = 10.0.40219.1
Project("{FAE04EC0-301F-11D3-BF4B-00C04F79EFBC}") = "Reverse-Integer", "Reverse-Integer\Reverse-Integer.csproj", "{64ECCA10-DEAD-4647-9EE2-2CBCA434CD8F}"
EndProject
Project("{FAE04EC0-301F-11D3-BF4B-00C04F79EFBC}") = "Reverse-IntegerTests", "Reverse-IntegerTests\Reverse-IntegerTests.csproj", "{0778765E-5506-42FE-931C-C0EA4C576BE2}"
EndProject
Global
	GlobalSection(SolutionConfigurationPlatforms) = preSolution
		Debug|Any CPU = Debug|Any CPU
		Release|Any CPU = Release|Any CPU
	EndGlobalSection
	GlobalSection(ProjectConfigurationPlatforms) = postSolution
		{64ECCA10-DEAD-4647-9EE2-2CBCA434CD8F}.Debug|Any CPU.ActiveCfg = Debug|Any CPU
		{64ECCA10-DEAD-4647-9EE2-2CBCA434CD8F}.Debug|Any CPU.Build.0 = Debug|Any CPU
		{64ECCA10-DEAD-4647-9EE2-2CBCA434CD8F}.Release|Any CPU.ActiveCfg = Release|Any CPU
		{64ECCA10-DEAD-4647-9EE2-2CBCA434CD8F}.Release|Any CPU.Build.0 = Release|Any CPU
		{0778765E-5506-42FE-931C-C0EA4C576BE2}.Debug|Any CPU.ActiveCfg = Debug|Any CPU
		{0778765E-5506-42FE-931C-C0EA4C576BE2}.Debug|Any CPU.Build.0 = Debug|Any CPU
		{0778765E-5506-42FE-931C-C0EA4C576BE2}.Release|Any CPU.ActiveCfg = Release|Any CPU
		{0778765E-5506-42FE-931C-C0EA4C576BE2}.Release|Any CPU.Build.0 = Release|Any CPU
	EndGlobalSection
	GlobalSection(SolutionProperties) = preSolution
		HideSolutionNode = FALSE
	EndGlobalSection
EndGlobal
